
Microsoft Visual Studio Solution File, Format Version 12.00
# Visual Studio Version 16
VisualStudioVersion = 16.0.29911.84
MinimumVisualStudioVersion = 10.0.40219.1
Project("{FAE04EC0-301F-11D3-BF4B-00C04F79EFBC}") = "InventoryManagement", "InventoryManagement.csproj", "{47B45383-1A99-44A5-9498-ADE5BA5E684C}"
EndProject
Global
	GlobalSection(SolutionConfigurationPlatforms) = preSolution
		Debug|Any CPU = Debug|Any CPU
		Release|Any CPU = Release|Any CPU
	EndGlobalSection
	GlobalSection(ProjectConfigurationPlatforms) = postSolution
		{47B45383-1A99-44A5-9498-ADE5BA5E684C}.Debug|Any CPU.ActiveCfg = Debug|Any CPU
		{47B45383-1A99-44A5-9498-ADE5BA5E684C}.Debug|Any CPU.Build.0 = Debug|Any CPU
		{47B45383-1A99-44A5-9498-ADE5BA5E684C}.Release|Any CPU.ActiveCfg = Release|Any CPU
		{47B45383-1A99-44A5-9498-ADE5BA5E684C}.Release|Any CPU.Build.0 = Release|Any CPU
	EndGlobalSection
	GlobalSection(SolutionProperties) = preSolution
		HideSolutionNode = FALSE
	EndGlobalSection
	GlobalSection(ExtensibilityGlobals) = postSolution
		SolutionGuid = {FDBEDEAD-F71F-44AC-98B4-05345DD79309}
	EndGlobalSection
EndGlobal
